
Microsoft Visual Studio Solution File, Format Version 12.00
# Visual Studio 2017
Project("{FAE04EC0-301F-11D3-BF4B-00C04F79EFBC}") = "Hand-Rehabilitation-System", "Hand-Rehabilitation-System.csproj", "{5FEE21AB-2190-64CE-584B-91C2B77F34B9}"
EndProject
Project("{FAE04EC0-301F-11D3-BF4B-00C04F79EFBC}") = "Hand-Rehabilitation-System.Editor", "Hand-Rehabilitation-System.Editor.csproj", "{7F741F28-0394-2EFD-F635-B2275406BADD}"
EndProject
Global
	GlobalSection(SolutionConfigurationPlatforms) = preSolution
		Debug|Any CPU = Debug|Any CPU
		Release|Any CPU = Release|Any CPU
	EndGlobalSection
	GlobalSection(ProjectConfigurationPlatforms) = postSolution
		{5FEE21AB-2190-64CE-584B-91C2B77F34B9}.Debug|Any CPU.ActiveCfg = Debug|Any CPU
		{5FEE21AB-2190-64CE-584B-91C2B77F34B9}.Debug|Any CPU.Build.0 = Debug|Any CPU
		{5FEE21AB-2190-64CE-584B-91C2B77F34B9}.Release|Any CPU.ActiveCfg = Release|Any CPU
		{5FEE21AB-2190-64CE-584B-91C2B77F34B9}.Release|Any CPU.Build.0 = Release|Any CPU
		{7F741F28-0394-2EFD-F635-B2275406BADD}.Debug|Any CPU.ActiveCfg = Debug|Any CPU
		{7F741F28-0394-2EFD-F635-B2275406BADD}.Debug|Any CPU.Build.0 = Debug|Any CPU
		{7F741F28-0394-2EFD-F635-B2275406BADD}.Release|Any CPU.ActiveCfg = Release|Any CPU
		{7F741F28-0394-2EFD-F635-B2275406BADD}.Release|Any CPU.Build.0 = Release|Any CPU
	EndGlobalSection
	GlobalSection(SolutionProperties) = preSolution
		HideSolutionNode = FALSE
	EndGlobalSection
EndGlobal
